
Microsoft Visual Studio Solution File, Format Version 12.00
# Visual Studio Version 16
VisualStudioVersion = 16.0.30011.22
MinimumVisualStudioVersion = 10.0.40219.1
Project("{FAE04EC0-301F-11D3-BF4B-00C04F79EFBC}") = "WhiteLines(1628)", "WhiteLines(1628)\WhiteLines(1628).csproj", "{533B6EC2-713E-451D-8D42-6D5D16FF9222}"
EndProject
Global
	GlobalSection(SolutionConfigurationPlatforms) = preSolution
		Debug|Any CPU = Debug|Any CPU
		Release|Any CPU = Release|Any CPU
	EndGlobalSection
	GlobalSection(ProjectConfigurationPlatforms) = postSolution
		{533B6EC2-713E-451D-8D42-6D5D16FF9222}.Debug|Any CPU.ActiveCfg = Debug|Any CPU
		{533B6EC2-713E-451D-8D42-6D5D16FF9222}.Debug|Any CPU.Build.0 = Debug|Any CPU
		{533B6EC2-713E-451D-8D42-6D5D16FF9222}.Release|Any CPU.ActiveCfg = Release|Any CPU
		{533B6EC2-713E-451D-8D42-6D5D16FF9222}.Release|Any CPU.Build.0 = Release|Any CPU
	EndGlobalSection
	GlobalSection(SolutionProperties) = preSolution
		HideSolutionNode = FALSE
	EndGlobalSection
	GlobalSection(ExtensibilityGlobals) = postSolution
		SolutionGuid = {E84816C9-D21D-4C1D-A22E-F571CB1F1CF8}
	EndGlobalSection
EndGlobal
